{
    "_readme": [
        "This file locks the dependencies of your project to a known state",
        "Read more about it at https://getcomposer.org/doc/01-basic-usage.md#composer-lock-the-lock-file",
        "This file is @generated automatically"
    ],
    "content-hash": "dba4263109f74e217863796c4e64d6fe",
    "packages": [
        {
            "name": "doctrine/inflector",
            "version": "v1.2.0",
            "source": {
                "type": "git",
                "url": "https://github.com/doctrine/inflector.git",
                "reference": "e11d84c6e018beedd929cff5220969a3c6d1d462"
            },
            "dist": {
                "type": "zip",
                "url": "https://api.github.com/repos/doctrine/inflector/zipball/e11d84c6e018beedd929cff5220969a3c6d1d462",
                "reference": "e11d84c6e018beedd929cff5220969a3c6d1d462",
                "shasum": ""
            },
            "require": {
                "php": "^7.0"
            },
            "require-dev": {
                "phpunit/phpunit": "^6.2"
            },
            "type": "library",
            "extra": {
                "branch-alias": {
                    "dev-master": "1.2.x-dev"
                }
            },
            "autoload": {
                "psr-4": {
                    "Doctrine\\Common\\Inflector\\": "lib/Doctrine/Common/Inflector"
                }
            },
            "notification-url": "https://packagist.org/downloads/",
            "license": [
                "MIT"
            ],
            "authors": [
                {
                    "name": "Roman Borschel",
                    "email": "roman@code-factory.org"
                },
                {
                    "name": "Benjamin Eberlei",
                    "email": "kontakt@beberlei.de"
                },
                {
                    "name": "Guilherme Blanco",
                    "email": "guilhermeblanco@gmail.com"
                },
                {
                    "name": "Jonathan Wage",
                    "email": "jonwage@gmail.com"
                },
                {
                    "name": "Johannes Schmitt",
                    "email": "schmittjoh@gmail.com"
                }
            ],
            "description": "Common String Manipulations with regard to casing and singular/plural rules.",
            "homepage": "http://www.doctrine-project.org",
            "keywords": [
                "inflection",
                "pluralize",
                "singularize",
                "string"
            ],
            "time": "2017-07-22T12:18:28+00:00"
        },
        {
            "name": "illuminate/container",
            "version": "v5.3.23",
            "source": {
                "type": "git",
                "url": "https://github.com/illuminate/container.git",
                "reference": "8047b47e1f731c975d9aa0fe0b269064d3f1346d"
            },
            "dist": {
                "type": "zip",
                "url": "https://api.github.com/repos/illuminate/container/zipball/8047b47e1f731c975d9aa0fe0b269064d3f1346d",
                "reference": "8047b47e1f731c975d9aa0fe0b269064d3f1346d",
                "shasum": ""
            },
            "require": {
                "illuminate/contracts": "5.3.*",
                "php": ">=5.6.4"
            },
            "type": "library",
            "extra": {
                "branch-alias": {
                    "dev-master": "5.3-dev"
                }
            },
            "autoload": {
                "psr-4": {
                    "Illuminate\\Container\\": ""
                }
            },
            "notification-url": "https://packagist.org/downloads/",
            "license": [
                "MIT"
            ],
            "authors": [
                {
                    "name": "Taylor Otwell",
                    "email": "taylor@laravel.com"
                }
            ],
            "description": "The Illuminate Container package.",
            "homepage": "https://laravel.com",
            "time": "2016-10-02T01:14:30+00:00"
        },
        {
            "name": "illuminate/contracts",
            "version": "v5.3.23",
            "source": {
                "type": "git",
                "url": "https://github.com/illuminate/contracts.git",
                "reference": "ce5d73c6015b2054d32f3f8530767847b358ae4e"
            },
            "dist": {
                "type": "zip",
                "url": "https://api.github.com/repos/illuminate/contracts/zipball/ce5d73c6015b2054d32f3f8530767847b358ae4e",
                "reference": "ce5d73c6015b2054d32f3f8530767847b358ae4e",
                "shasum": ""
            },
            "require": {
                "php": ">=5.6.4"
            },
            "type": "library",
            "extra": {
                "branch-alias": {
                    "dev-master": "5.3-dev"
                }
            },
            "autoload": {
                "psr-4": {
                    "Illuminate\\Contracts\\": ""
                }
            },
            "notification-url": "https://packagist.org/downloads/",
            "license": [
                "MIT"
            ],
            "authors": [
                {
                    "name": "Taylor Otwell",
                    "email": "taylor@laravel.com"
                }
            ],
            "description": "The Illuminate Contracts package.",
            "homepage": "https://laravel.com",
            "time": "2016-09-26T20:36:27+00:00"
        },
        {
            "name": "illuminate/events",
            "version": "v5.3.0",
            "source": {
                "type": "git",
                "url": "https://github.com/illuminate/events.git",
                "reference": "cb29124d4eaba8a60bad40e95e3d8b199d040d77"
            },
            "dist": {
                "type": "zip",
                "url": "https://api.github.com/repos/illuminate/events/zipball/cb29124d4eaba8a60bad40e95e3d8b199d040d77",
                "reference": "cb29124d4eaba8a60bad40e95e3d8b199d040d77",
                "shasum": ""
            },
            "require": {
                "illuminate/container": "5.3.*",
                "illuminate/contracts": "5.3.*",
                "illuminate/support": "5.3.*",
                "php": ">=5.6.4"
            },
            "type": "library",
            "extra": {
                "branch-alias": {
                    "dev-master": "5.3-dev"
                }
            },
            "autoload": {
                "psr-4": {
                    "Illuminate\\Events\\": ""
                }
            },
            "notification-url": "https://packagist.org/downloads/",
            "license": [
                "MIT"
            ],
            "authors": [
                {
                    "name": "Taylor Otwell",
                    "email": "taylor@laravel.com"
                }
            ],
            "description": "The Illuminate Events package.",
            "homepage": "https://laravel.com",
            "time": "2016-08-12T14:24:30+00:00"
        },
        {
            "name": "illuminate/support",
            "version": "v5.3.23",
            "source": {
                "type": "git",
                "url": "https://github.com/illuminate/support.git",
                "reference": "050d0ed3e1c0e1d129d73b2eaa14044e46a66f77"
            },
            "dist": {
                "type": "zip",
                "url": "https://api.github.com/repos/illuminate/support/zipball/050d0ed3e1c0e1d129d73b2eaa14044e46a66f77",
                "reference": "050d0ed3e1c0e1d129d73b2eaa14044e46a66f77",
                "shasum": ""
            },
            "require": {
                "doctrine/inflector": "~1.0",
                "ext-mbstring": "*",
                "illuminate/contracts": "5.3.*",
                "paragonie/random_compat": "~1.4|~2.0",
                "php": ">=5.6.4"
            },
            "replace": {
                "tightenco/collect": "self.version"
            },
            "suggest": {
                "illuminate/filesystem": "Required to use the composer class (5.2.*).",
                "symfony/process": "Required to use the composer class (3.1.*).",
                "symfony/var-dumper": "Required to use the dd function (3.1.*)."
            },
            "type": "library",
            "extra": {
                "branch-alias": {
                    "dev-master": "5.3-dev"
                }
            },
            "autoload": {
                "psr-4": {
                    "Illuminate\\Support\\": ""
                },
                "files": [
                    "helpers.php"
                ]
            },
            "notification-url": "https://packagist.org/downloads/",
            "license": [
                "MIT"
            ],
            "authors": [
                {
                    "name": "Taylor Otwell",
                    "email": "taylor@laravel.com"
                }
            ],
            "description": "The Illuminate Support package.",
            "homepage": "https://laravel.com",
            "time": "2016-11-03T15:25:28+00:00"
        },
        {
            "name": "paragonie/random_compat",
            "version": "v2.0.12",
            "source": {
                "type": "git",
                "url": "https://github.com/paragonie/random_compat.git",
                "reference": "258c89a6b97de7dfaf5b8c7607d0478e236b04fb"
            },
            "dist": {
                "type": "zip",
                "url": "https://api.github.com/repos/paragonie/random_compat/zipball/258c89a6b97de7dfaf5b8c7607d0478e236b04fb",
                "reference": "258c89a6b97de7dfaf5b8c7607d0478e236b04fb",
                "shasum": ""
            },
            "require": {
                "php": ">=5.2.0"
            },
            "require-dev": {
                "phpunit/phpunit": "4.*|5.*"
            },
            "suggest": {
                "ext-libsodium": "Provides a modern crypto API that can be used to generate random bytes."
            },
            "type": "library",
            "autoload": {
                "files": [
                    "lib/random.php"
                ]
            },
            "notification-url": "https://packagist.org/downloads/",
            "license": [
                "MIT"
            ],
            "authors": [
                {
                    "name": "Paragon Initiative Enterprises",
                    "email": "security@paragonie.com",
                    "homepage": "https://paragonie.com"
                }
            ],
            "description": "PHP 5.x polyfill for random_bytes() and random_int() from PHP 7",
            "keywords": [
                "csprng",
                "pseudorandom",
                "random"
            ],
            "time": "2018-04-04T21:24:14+00:00"
        }
    ],
    "packages-dev": [],
    "aliases": [],
    "minimum-stability": "stable",
    "stability-flags": [],
    "prefer-stable": false,
    "prefer-lowest": false,
    "platform": {
        "php": ">=5.3.0"
    },
    "platform-dev": []
}
